// !$*UTF8*$!
{
	archiveVersion = 1;
	classes = {
	};
	objectVersion = 56;
	objects = {

/* Begin PBXBuildFile section */
		CE32459A2AC8FAF500582FC5 /* Toast in Frameworks */ = {isa = PBXBuildFile; productRef = CE3245992AC8FAF500582FC5 /* Toast */; };
		CE32459C2AC9682200582FC5 /* InfoViewController.swift in Sources */ = {isa = PBXBuildFile; fileRef = CE32459B2AC9682200582FC5 /* InfoViewController.swift */; };
		CE32459F2AC9683300582FC5 /* InfoView.swift in Sources */ = {isa = PBXBuildFile; fileRef = CE32459E2AC9683300582FC5 /* InfoView.swift */; };
		CE3DF7EA2AC1602D00653CE1 /* .gitignore in Resources */ = {isa = PBXBuildFile; fileRef = CE3DF7E92AC1602D00653CE1 /* .gitignore */; };
		CE3DF7ED2AC1AFCA00653CE1 /* Constants.swift in Sources */ = {isa = PBXBuildFile; fileRef = CE3DF7EC2AC1AFCA00653CE1 /* Constants.swift */; };
		CE3DF7F22AC2A9C500653CE1 /* Localizable.strings in Resources */ = {isa = PBXBuildFile; fileRef = CE3DF7F42AC2A9C500653CE1 /* Localizable.strings */; };
		CE3DF7FA2AC2B1BB00653CE1 /* BaseViewController.swift in Sources */ = {isa = PBXBuildFile; fileRef = CE3DF7F92AC2B1BB00653CE1 /* BaseViewController.swift */; };
		CE3DF7FC2AC2B39D00653CE1 /* BaseView.swift in Sources */ = {isa = PBXBuildFile; fileRef = CE3DF7FB2AC2B39D00653CE1 /* BaseView.swift */; };
		CE3DF8012AC2B5B100653CE1 /* MainMapViewController.swift in Sources */ = {isa = PBXBuildFile; fileRef = CE3DF8002AC2B5B100653CE1 /* MainMapViewController.swift */; };
		CE3DF8032AC2B5BA00653CE1 /* MainMapView.swift in Sources */ = {isa = PBXBuildFile; fileRef = CE3DF8022AC2B5BA00653CE1 /* MainMapView.swift */; };
		CE3DF8082AC2C34400653CE1 /* InfoPlist.strings in Resources */ = {isa = PBXBuildFile; fileRef = CE3DF80A2AC2C34400653CE1 /* InfoPlist.strings */; };
		CE3DF80E2AC2D25600653CE1 /* String+Extension.swift in Sources */ = {isa = PBXBuildFile; fileRef = CE3DF80D2AC2D25600653CE1 /* String+Extension.swift */; };
		CE3DF8102AC3298300653CE1 /* SearchBar.swift in Sources */ = {isa = PBXBuildFile; fileRef = CE3DF80F2AC3298300653CE1 /* SearchBar.swift */; };
		CE3DF8122AC3300500653CE1 /* CalendarButton.swift in Sources */ = {isa = PBXBuildFile; fileRef = CE3DF8112AC3300500653CE1 /* CalendarButton.swift */; };
		CE3DF8142AC330DB00653CE1 /* MyLocationButton.swift in Sources */ = {isa = PBXBuildFile; fileRef = CE3DF8132AC330DB00653CE1 /* MyLocationButton.swift */; };
		CE3DF8162AC3311400653CE1 /* BaseUIButton.swift in Sources */ = {isa = PBXBuildFile; fileRef = CE3DF8152AC3311400653CE1 /* BaseUIButton.swift */; };
		CE3DF81A2AC3B26900653CE1 /* Observable.swift in Sources */ = {isa = PBXBuildFile; fileRef = CE3DF8192AC3B26900653CE1 /* Observable.swift */; };
		CE3DF81D2AC52C2E00653CE1 /* SearchView.swift in Sources */ = {isa = PBXBuildFile; fileRef = CE3DF81C2AC52C2E00653CE1 /* SearchView.swift */; };
		CE3DF81F2AC52C3B00653CE1 /* SearchViewController.swift in Sources */ = {isa = PBXBuildFile; fileRef = CE3DF81E2AC52C3B00653CE1 /* SearchViewController.swift */; };
		CE3DF8222AC53E5700653CE1 /* SnapKit in Frameworks */ = {isa = PBXBuildFile; productRef = CE3DF8212AC53E5700653CE1 /* SnapKit */; };
		CE3DF8252AC53E6300653CE1 /* Alamofire in Frameworks */ = {isa = PBXBuildFile; productRef = CE3DF8242AC53E6300653CE1 /* Alamofire */; };
		CE4DF9082ACBB6AF00546526 /* Realm in Frameworks */ = {isa = PBXBuildFile; productRef = CE4DF9072ACBB6AF00546526 /* Realm */; };
		CE4DF90A2ACBB6AF00546526 /* RealmSwift in Frameworks */ = {isa = PBXBuildFile; productRef = CE4DF9092ACBB6AF00546526 /* RealmSwift */; };
		CE4DF90D2ACBBC3E00546526 /* Place.swift in Sources */ = {isa = PBXBuildFile; fileRef = CE4DF90C2ACBBC3E00546526 /* Place.swift */; };
		CE4DF9112ACBC63200546526 /* PlaceRepository.swift in Sources */ = {isa = PBXBuildFile; fileRef = CE4DF9102ACBC63200546526 /* PlaceRepository.swift */; };
		CE4DF9132ACBC6BB00546526 /* DatabaseError.swift in Sources */ = {isa = PBXBuildFile; fileRef = CE4DF9122ACBC6BB00546526 /* DatabaseError.swift */; };
		CE4DF9152ACBD5C500546526 /* MainMapViewModel.swift in Sources */ = {isa = PBXBuildFile; fileRef = CE4DF9142ACBD5C500546526 /* MainMapViewModel.swift */; };
		CE52CB682AC5ADBB007AD7F8 /* GoogleNetwork.swift in Sources */ = {isa = PBXBuildFile; fileRef = CE52CB672AC5ADBB007AD7F8 /* GoogleNetwork.swift */; };
		CE52CB6A2AC5AE17007AD7F8 /* Search.swift in Sources */ = {isa = PBXBuildFile; fileRef = CE52CB692AC5AE17007AD7F8 /* Search.swift */; };
		CE52CB6C2AC5AED6007AD7F8 /* APIKey.swift in Sources */ = {isa = PBXBuildFile; fileRef = CE52CB6B2AC5AED6007AD7F8 /* APIKey.swift */; };
		CE52CB6E2AC5B1D6007AD7F8 /* Router.swift in Sources */ = {isa = PBXBuildFile; fileRef = CE52CB6D2AC5B1D6007AD7F8 /* Router.swift */; };
		CE52CB702AC7186F007AD7F8 /* LangCode.swift in Sources */ = {isa = PBXBuildFile; fileRef = CE52CB6F2AC7186F007AD7F8 /* LangCode.swift */; };
		CE52CB722AC7197C007AD7F8 /* SearchViewModel.swift in Sources */ = {isa = PBXBuildFile; fileRef = CE52CB712AC7197C007AD7F8 /* SearchViewModel.swift */; };
		CE52CB752AC71B47007AD7F8 /* InvalidError.swift in Sources */ = {isa = PBXBuildFile; fileRef = CE52CB742AC71B47007AD7F8 /* InvalidError.swift */; };
		CE52CB772AC7B454007AD7F8 /* NetworkError.swift in Sources */ = {isa = PBXBuildFile; fileRef = CE52CB762AC7B454007AD7F8 /* NetworkError.swift */; };
		CE52CB792AC7D302007AD7F8 /* BaseCollectionViewCell.swift in Sources */ = {isa = PBXBuildFile; fileRef = CE52CB782AC7D302007AD7F8 /* BaseCollectionViewCell.swift */; };
		CE52CB7B2AC7D3A5007AD7F8 /* SearchCollectionViewCell.swift in Sources */ = {isa = PBXBuildFile; fileRef = CE52CB7A2AC7D3A5007AD7F8 /* SearchCollectionViewCell.swift */; };
		CE52CB7F2AC879D5007AD7F8 /* CollectionViewProtocol.swift in Sources */ = {isa = PBXBuildFile; fileRef = CE52CB7E2AC879D5007AD7F8 /* CollectionViewProtocol.swift */; };
		CE9B0E8B2ACA6A0A008A0694 /* FloatingPanel in Frameworks */ = {isa = PBXBuildFile; productRef = CE9B0E8A2ACA6A0A008A0694 /* FloatingPanel */; };
		CE9B0E8D2ACA6A1E008A0694 /* FloatingPanelCustomLayout.swift in Sources */ = {isa = PBXBuildFile; fileRef = CE9B0E8C2ACA6A1E008A0694 /* FloatingPanelCustomLayout.swift */; };
		CE9B0E932ACA8122008A0694 /* InfoViewModel.swift in Sources */ = {isa = PBXBuildFile; fileRef = CE9B0E922ACA8122008A0694 /* InfoViewModel.swift */; };
		CE9B0E952ACA95D7008A0694 /* SearchButton.swift in Sources */ = {isa = PBXBuildFile; fileRef = CE9B0E942ACA95D7008A0694 /* SearchButton.swift */; };
		CE9B0E982ACB04DB008A0694 /* AddButton.swift in Sources */ = {isa = PBXBuildFile; fileRef = CE9B0E972ACB04DB008A0694 /* AddButton.swift */; };
		CEB00FC12AC030BF001E7BB0 /* AppDelegate.swift in Sources */ = {isa = PBXBuildFile; fileRef = CEB00FC02AC030BF001E7BB0 /* AppDelegate.swift */; };
		CEB00FC32AC030BF001E7BB0 /* SceneDelegate.swift in Sources */ = {isa = PBXBuildFile; fileRef = CEB00FC22AC030BF001E7BB0 /* SceneDelegate.swift */; };
		CEB00FC52AC030BF001E7BB0 /* ViewController.swift in Sources */ = {isa = PBXBuildFile; fileRef = CEB00FC42AC030BF001E7BB0 /* ViewController.swift */; };
		CEB00FC82AC030BF001E7BB0 /* Main.storyboard in Resources */ = {isa = PBXBuildFile; fileRef = CEB00FC62AC030BF001E7BB0 /* Main.storyboard */; };
		CEB00FCA2AC030C0001E7BB0 /* Assets.xcassets in Resources */ = {isa = PBXBuildFile; fileRef = CEB00FC92AC030C0001E7BB0 /* Assets.xcassets */; };
		CEB00FCD2AC030C0001E7BB0 /* LaunchScreen.storyboard in Resources */ = {isa = PBXBuildFile; fileRef = CEB00FCB2AC030C0001E7BB0 /* LaunchScreen.storyboard */; };
		CEB390A72ACE840600E4B2AC /* SearchParameter.swift in Sources */ = {isa = PBXBuildFile; fileRef = CEB390A62ACE840600E4B2AC /* SearchParameter.swift */; };
		CEB390AA2ACEF50100E4B2AC /* RecordViewController.swift in Sources */ = {isa = PBXBuildFile; fileRef = CEB390A92ACEF50100E4B2AC /* RecordViewController.swift */; };
		CEB390AC2ACEF50800E4B2AC /* RecordView.swift in Sources */ = {isa = PBXBuildFile; fileRef = CEB390AB2ACEF50800E4B2AC /* RecordView.swift */; };
		CEB390AE2ACF0DB200E4B2AC /* UIScrollView.swift in Sources */ = {isa = PBXBuildFile; fileRef = CEB390AD2ACF0DB200E4B2AC /* UIScrollView.swift */; };
		CEB390B42ACFCD4600E4B2AC /* MemoTextView.swift in Sources */ = {isa = PBXBuildFile; fileRef = CEB390B32ACFCD4600E4B2AC /* MemoTextView.swift */; };
		CEB390B62ACFDC0C00E4B2AC /* RecordMode.swift in Sources */ = {isa = PBXBuildFile; fileRef = CEB390B52ACFDC0C00E4B2AC /* RecordMode.swift */; };
		CEB390BA2ACFDF4C00E4B2AC /* DateFormatter.swift in Sources */ = {isa = PBXBuildFile; fileRef = CEB390B92ACFDF4C00E4B2AC /* DateFormatter.swift */; };
/* End PBXBuildFile section */

/* Begin PBXFileReference section */
		CE32459B2AC9682200582FC5 /* InfoViewController.swift */ = {isa = PBXFileReference; lastKnownFileType = sourcecode.swift; path = InfoViewController.swift; sourceTree = "<group>"; };
		CE32459E2AC9683300582FC5 /* InfoView.swift */ = {isa = PBXFileReference; lastKnownFileType = sourcecode.swift; path = InfoView.swift; sourceTree = "<group>"; };
		CE3DF7E92AC1602D00653CE1 /* .gitignore */ = {isa = PBXFileReference; lastKnownFileType = text; path = .gitignore; sourceTree = "<group>"; };
		CE3DF7EC2AC1AFCA00653CE1 /* Constants.swift */ = {isa = PBXFileReference; lastKnownFileType = sourcecode.swift; path = Constants.swift; sourceTree = "<group>"; };
		CE3DF7F32AC2A9C500653CE1 /* en */ = {isa = PBXFileReference; lastKnownFileType = text.plist.strings; name = en; path = en.lproj/Localizable.strings; sourceTree = "<group>"; };
		CE3DF7F52AC2A9ED00653CE1 /* ko */ = {isa = PBXFileReference; lastKnownFileType = text.plist.strings; name = ko; path = ko.lproj/Localizable.strings; sourceTree = "<group>"; };
		CE3DF7F92AC2B1BB00653CE1 /* BaseViewController.swift */ = {isa = PBXFileReference; lastKnownFileType = sourcecode.swift; path = BaseViewController.swift; sourceTree = "<group>"; };
		CE3DF7FB2AC2B39D00653CE1 /* BaseView.swift */ = {isa = PBXFileReference; lastKnownFileType = sourcecode.swift; path = BaseView.swift; sourceTree = "<group>"; };
		CE3DF8002AC2B5B100653CE1 /* MainMapViewController.swift */ = {isa = PBXFileReference; lastKnownFileType = sourcecode.swift; path = MainMapViewController.swift; sourceTree = "<group>"; };
		CE3DF8022AC2B5BA00653CE1 /* MainMapView.swift */ = {isa = PBXFileReference; lastKnownFileType = sourcecode.swift; path = MainMapView.swift; sourceTree = "<group>"; };
		CE3DF8092AC2C34400653CE1 /* en */ = {isa = PBXFileReference; lastKnownFileType = text.plist.strings; name = en; path = en.lproj/InfoPlist.strings; sourceTree = "<group>"; };
		CE3DF80B2AC2C34700653CE1 /* ko */ = {isa = PBXFileReference; lastKnownFileType = text.plist.strings; name = ko; path = ko.lproj/InfoPlist.strings; sourceTree = "<group>"; };
		CE3DF80D2AC2D25600653CE1 /* String+Extension.swift */ = {isa = PBXFileReference; lastKnownFileType = sourcecode.swift; path = "String+Extension.swift"; sourceTree = "<group>"; };
		CE3DF80F2AC3298300653CE1 /* SearchBar.swift */ = {isa = PBXFileReference; lastKnownFileType = sourcecode.swift; path = SearchBar.swift; sourceTree = "<group>"; };
		CE3DF8112AC3300500653CE1 /* CalendarButton.swift */ = {isa = PBXFileReference; lastKnownFileType = sourcecode.swift; path = CalendarButton.swift; sourceTree = "<group>"; };
		CE3DF8132AC330DB00653CE1 /* MyLocationButton.swift */ = {isa = PBXFileReference; lastKnownFileType = sourcecode.swift; path = MyLocationButton.swift; sourceTree = "<group>"; };
		CE3DF8152AC3311400653CE1 /* BaseUIButton.swift */ = {isa = PBXFileReference; lastKnownFileType = sourcecode.swift; path = BaseUIButton.swift; sourceTree = "<group>"; };
		CE3DF8192AC3B26900653CE1 /* Observable.swift */ = {isa = PBXFileReference; lastKnownFileType = sourcecode.swift; path = Observable.swift; sourceTree = "<group>"; };
		CE3DF81C2AC52C2E00653CE1 /* SearchView.swift */ = {isa = PBXFileReference; lastKnownFileType = sourcecode.swift; path = SearchView.swift; sourceTree = "<group>"; };
		CE3DF81E2AC52C3B00653CE1 /* SearchViewController.swift */ = {isa = PBXFileReference; lastKnownFileType = sourcecode.swift; path = SearchViewController.swift; sourceTree = "<group>"; };
		CE4DF90C2ACBBC3E00546526 /* Place.swift */ = {isa = PBXFileReference; lastKnownFileType = sourcecode.swift; path = Place.swift; sourceTree = "<group>"; };
		CE4DF9102ACBC63200546526 /* PlaceRepository.swift */ = {isa = PBXFileReference; lastKnownFileType = sourcecode.swift; path = PlaceRepository.swift; sourceTree = "<group>"; };
		CE4DF9122ACBC6BB00546526 /* DatabaseError.swift */ = {isa = PBXFileReference; lastKnownFileType = sourcecode.swift; path = DatabaseError.swift; sourceTree = "<group>"; };
		CE4DF9142ACBD5C500546526 /* MainMapViewModel.swift */ = {isa = PBXFileReference; lastKnownFileType = sourcecode.swift; path = MainMapViewModel.swift; sourceTree = "<group>"; };
		CE52CB672AC5ADBB007AD7F8 /* GoogleNetwork.swift */ = {isa = PBXFileReference; lastKnownFileType = sourcecode.swift; path = GoogleNetwork.swift; sourceTree = "<group>"; };
		CE52CB692AC5AE17007AD7F8 /* Search.swift */ = {isa = PBXFileReference; lastKnownFileType = sourcecode.swift; path = Search.swift; sourceTree = "<group>"; };
		CE52CB6B2AC5AED6007AD7F8 /* APIKey.swift */ = {isa = PBXFileReference; lastKnownFileType = sourcecode.swift; path = APIKey.swift; sourceTree = "<group>"; };
		CE52CB6D2AC5B1D6007AD7F8 /* Router.swift */ = {isa = PBXFileReference; lastKnownFileType = sourcecode.swift; path = Router.swift; sourceTree = "<group>"; };
		CE52CB6F2AC7186F007AD7F8 /* LangCode.swift */ = {isa = PBXFileReference; lastKnownFileType = sourcecode.swift; path = LangCode.swift; sourceTree = "<group>"; };
		CE52CB712AC7197C007AD7F8 /* SearchViewModel.swift */ = {isa = PBXFileReference; lastKnownFileType = sourcecode.swift; path = SearchViewModel.swift; sourceTree = "<group>"; };
		CE52CB742AC71B47007AD7F8 /* InvalidError.swift */ = {isa = PBXFileReference; lastKnownFileType = sourcecode.swift; path = InvalidError.swift; sourceTree = "<group>"; };
		CE52CB762AC7B454007AD7F8 /* NetworkError.swift */ = {isa = PBXFileReference; lastKnownFileType = sourcecode.swift; path = NetworkError.swift; sourceTree = "<group>"; };
		CE52CB782AC7D302007AD7F8 /* BaseCollectionViewCell.swift */ = {isa = PBXFileReference; lastKnownFileType = sourcecode.swift; path = BaseCollectionViewCell.swift; sourceTree = "<group>"; };
		CE52CB7A2AC7D3A5007AD7F8 /* SearchCollectionViewCell.swift */ = {isa = PBXFileReference; lastKnownFileType = sourcecode.swift; path = SearchCollectionViewCell.swift; sourceTree = "<group>"; };
		CE52CB7E2AC879D5007AD7F8 /* CollectionViewProtocol.swift */ = {isa = PBXFileReference; lastKnownFileType = sourcecode.swift; path = CollectionViewProtocol.swift; sourceTree = "<group>"; };
		CE9B0E8C2ACA6A1E008A0694 /* FloatingPanelCustomLayout.swift */ = {isa = PBXFileReference; lastKnownFileType = sourcecode.swift; path = FloatingPanelCustomLayout.swift; sourceTree = "<group>"; };
		CE9B0E922ACA8122008A0694 /* InfoViewModel.swift */ = {isa = PBXFileReference; lastKnownFileType = sourcecode.swift; path = InfoViewModel.swift; sourceTree = "<group>"; };
		CE9B0E942ACA95D7008A0694 /* SearchButton.swift */ = {isa = PBXFileReference; lastKnownFileType = sourcecode.swift; path = SearchButton.swift; sourceTree = "<group>"; };
		CE9B0E972ACB04DB008A0694 /* AddButton.swift */ = {isa = PBXFileReference; lastKnownFileType = sourcecode.swift; path = AddButton.swift; sourceTree = "<group>"; };
		CEB00FBD2AC030BF001E7BB0 /* DailyPin.app */ = {isa = PBXFileReference; explicitFileType = wrapper.application; includeInIndex = 0; path = DailyPin.app; sourceTree = BUILT_PRODUCTS_DIR; };
		CEB00FC02AC030BF001E7BB0 /* AppDelegate.swift */ = {isa = PBXFileReference; lastKnownFileType = sourcecode.swift; path = AppDelegate.swift; sourceTree = "<group>"; };
		CEB00FC22AC030BF001E7BB0 /* SceneDelegate.swift */ = {isa = PBXFileReference; lastKnownFileType = sourcecode.swift; path = SceneDelegate.swift; sourceTree = "<group>"; };
		CEB00FC42AC030BF001E7BB0 /* ViewController.swift */ = {isa = PBXFileReference; lastKnownFileType = sourcecode.swift; path = ViewController.swift; sourceTree = "<group>"; };
		CEB00FC72AC030BF001E7BB0 /* Base */ = {isa = PBXFileReference; lastKnownFileType = file.storyboard; name = Base; path = Base.lproj/Main.storyboard; sourceTree = "<group>"; };
		CEB00FC92AC030C0001E7BB0 /* Assets.xcassets */ = {isa = PBXFileReference; lastKnownFileType = folder.assetcatalog; path = Assets.xcassets; sourceTree = "<group>"; };
		CEB00FCC2AC030C0001E7BB0 /* Base */ = {isa = PBXFileReference; lastKnownFileType = file.storyboard; name = Base; path = Base.lproj/LaunchScreen.storyboard; sourceTree = "<group>"; };
		CEB00FCE2AC030C0001E7BB0 /* Info.plist */ = {isa = PBXFileReference; lastKnownFileType = text.plist.xml; path = Info.plist; sourceTree = "<group>"; };
		CEB390A62ACE840600E4B2AC /* SearchParameter.swift */ = {isa = PBXFileReference; lastKnownFileType = sourcecode.swift; path = SearchParameter.swift; sourceTree = "<group>"; };
		CEB390A92ACEF50100E4B2AC /* RecordViewController.swift */ = {isa = PBXFileReference; lastKnownFileType = sourcecode.swift; path = RecordViewController.swift; sourceTree = "<group>"; };
		CEB390AB2ACEF50800E4B2AC /* RecordView.swift */ = {isa = PBXFileReference; lastKnownFileType = sourcecode.swift; path = RecordView.swift; sourceTree = "<group>"; };
		CEB390AD2ACF0DB200E4B2AC /* UIScrollView.swift */ = {isa = PBXFileReference; lastKnownFileType = sourcecode.swift; path = UIScrollView.swift; sourceTree = "<group>"; };
		CEB390B32ACFCD4600E4B2AC /* MemoTextView.swift */ = {isa = PBXFileReference; lastKnownFileType = sourcecode.swift; path = MemoTextView.swift; sourceTree = "<group>"; };
		CEB390B52ACFDC0C00E4B2AC /* RecordMode.swift */ = {isa = PBXFileReference; lastKnownFileType = sourcecode.swift; path = RecordMode.swift; sourceTree = "<group>"; };
		CEB390B92ACFDF4C00E4B2AC /* DateFormatter.swift */ = {isa = PBXFileReference; lastKnownFileType = sourcecode.swift; path = DateFormatter.swift; sourceTree = "<group>"; };
/* End PBXFileReference section */

/* Begin PBXFrameworksBuildPhase section */
		CEB00FBA2AC030BF001E7BB0 /* Frameworks */ = {
			isa = PBXFrameworksBuildPhase;
			buildActionMask = 2147483647;
			files = (
				CE4DF90A2ACBB6AF00546526 /* RealmSwift in Frameworks */,
				CE32459A2AC8FAF500582FC5 /* Toast in Frameworks */,
				CE9B0E8B2ACA6A0A008A0694 /* FloatingPanel in Frameworks */,
				CE3DF8222AC53E5700653CE1 /* SnapKit in Frameworks */,
				CE3DF8252AC53E6300653CE1 /* Alamofire in Frameworks */,
				CE4DF9082ACBB6AF00546526 /* Realm in Frameworks */,
			);
			runOnlyForDeploymentPostprocessing = 0;
		};
/* End PBXFrameworksBuildPhase section */

/* Begin PBXGroup section */
		CE32459D2AC9682700582FC5 /* Info */ = {
			isa = PBXGroup;
			children = (
				CE32459B2AC9682200582FC5 /* InfoViewController.swift */,
				CE32459E2AC9683300582FC5 /* InfoView.swift */,
				CE9B0E922ACA8122008A0694 /* InfoViewModel.swift */,
			);
			path = Info;
			sourceTree = "<group>";
		};
		CE3DF7EB2AC17CE500653CE1 /* Utility */ = {
			isa = PBXGroup;
			children = (
				CE3DF80C2AC2D24100653CE1 /* Extension */,
				CE3DF7EC2AC1AFCA00653CE1 /* Constants.swift */,
				CE52CB7E2AC879D5007AD7F8 /* CollectionViewProtocol.swift */,
			);
			path = Utility;
			sourceTree = "<group>";
		};
		CE3DF7F62AC2B0BB00653CE1 /* Base */ = {
			isa = PBXGroup;
			children = (
				CE3DF7F92AC2B1BB00653CE1 /* BaseViewController.swift */,
				CE3DF7FB2AC2B39D00653CE1 /* BaseView.swift */,
				CE3DF8152AC3311400653CE1 /* BaseUIButton.swift */,
				CE52CB782AC7D302007AD7F8 /* BaseCollectionViewCell.swift */,
			);
			path = Base;
			sourceTree = "<group>";
		};
		CE3DF7F72AC2B0C500653CE1 /* Scene */ = {
			isa = PBXGroup;
			children = (
				CEB390A82ACEF4E200E4B2AC /* Record */,
				CE32459D2AC9682700582FC5 /* Info */,
				CE3DF81B2AC52C1F00653CE1 /* Search */,
				CE3DF7FD2AC2B57700653CE1 /* Main */,
			);
			path = Scene;
			sourceTree = "<group>";
		};
		CE3DF7F82AC2B0F100653CE1 /* View */ = {
			isa = PBXGroup;
			children = (
				CE9B0E962ACB04C5008A0694 /* Button */,
				CE3DF80F2AC3298300653CE1 /* SearchBar.swift */,
				CE3DF8132AC330DB00653CE1 /* MyLocationButton.swift */,
				CE9B0E8C2ACA6A1E008A0694 /* FloatingPanelCustomLayout.swift */,
				CEB390B32ACFCD4600E4B2AC /* MemoTextView.swift */,
			);
			path = View;
			sourceTree = "<group>";
		};
		CE3DF7FD2AC2B57700653CE1 /* Main */ = {
			isa = PBXGroup;
			children = (
				CE3DF8002AC2B5B100653CE1 /* MainMapViewController.swift */,
				CE3DF8022AC2B5BA00653CE1 /* MainMapView.swift */,
				CE4DF9142ACBD5C500546526 /* MainMapViewModel.swift */,
			);
			path = Main;
			sourceTree = "<group>";
		};
		CE3DF7FE2AC2B59100653CE1 /* Network */ = {
			isa = PBXGroup;
			children = (
				CE52CB672AC5ADBB007AD7F8 /* GoogleNetwork.swift */,
				CE52CB6B2AC5AED6007AD7F8 /* APIKey.swift */,
				CE52CB6D2AC5B1D6007AD7F8 /* Router.swift */,
			);
			path = Network;
			sourceTree = "<group>";
		};
		CE3DF7FF2AC2B59900653CE1 /* Model */ = {
			isa = PBXGroup;
			children = (
				CE4DF90B2ACBBC2700546526 /* Realm */,
				CE52CB692AC5AE17007AD7F8 /* Search.swift */,
				CE52CB6F2AC7186F007AD7F8 /* LangCode.swift */,
				CEB390A62ACE840600E4B2AC /* SearchParameter.swift */,
				CEB390B52ACFDC0C00E4B2AC /* RecordMode.swift */,
			);
			path = Model;
			sourceTree = "<group>";
		};
		CE3DF80C2AC2D24100653CE1 /* Extension */ = {
			isa = PBXGroup;
			children = (
				CE3DF80D2AC2D25600653CE1 /* String+Extension.swift */,
				CEB390AD2ACF0DB200E4B2AC /* UIScrollView.swift */,
				CEB390B92ACFDF4C00E4B2AC /* DateFormatter.swift */,
			);
			path = Extension;
			sourceTree = "<group>";
		};
		CE3DF81B2AC52C1F00653CE1 /* Search */ = {
			isa = PBXGroup;
			children = (
				CE3DF81C2AC52C2E00653CE1 /* SearchView.swift */,
				CE3DF81E2AC52C3B00653CE1 /* SearchViewController.swift */,
				CE52CB712AC7197C007AD7F8 /* SearchViewModel.swift */,
				CE52CB7A2AC7D3A5007AD7F8 /* SearchCollectionViewCell.swift */,
			);
			path = Search;
			sourceTree = "<group>";
		};
		CE4DF90B2ACBBC2700546526 /* Realm */ = {
			isa = PBXGroup;
			children = (
				CE4DF90C2ACBBC3E00546526 /* Place.swift */,
				CE4DF9102ACBC63200546526 /* PlaceRepository.swift */,
			);
			path = Realm;
			sourceTree = "<group>";
		};
		CE52CB732AC71B36007AD7F8 /* Error */ = {
			isa = PBXGroup;
			children = (
				CE52CB742AC71B47007AD7F8 /* InvalidError.swift */,
				CE52CB762AC7B454007AD7F8 /* NetworkError.swift */,
				CE4DF9122ACBC6BB00546526 /* DatabaseError.swift */,
			);
			path = Error;
			sourceTree = "<group>";
		};
		CE9B0E962ACB04C5008A0694 /* Button */ = {
			isa = PBXGroup;
			children = (
				CE9B0E942ACA95D7008A0694 /* SearchButton.swift */,
				CE3DF8112AC3300500653CE1 /* CalendarButton.swift */,
				CE9B0E972ACB04DB008A0694 /* AddButton.swift */,
			);
			path = Button;
			sourceTree = "<group>";
		};
		CEB00FB42AC030BF001E7BB0 = {
			isa = PBXGroup;
			children = (
				CEB00FBF2AC030BF001E7BB0 /* DailyPin */,
				CEB00FBE2AC030BF001E7BB0 /* Products */,
			);
			sourceTree = "<group>";
		};
		CEB00FBE2AC030BF001E7BB0 /* Products */ = {
			isa = PBXGroup;
			children = (
				CEB00FBD2AC030BF001E7BB0 /* DailyPin.app */,
			);
			name = Products;
			sourceTree = "<group>";
		};
		CEB00FBF2AC030BF001E7BB0 /* DailyPin */ = {
			isa = PBXGroup;
			children = (
				CE52CB732AC71B36007AD7F8 /* Error */,
				CE3DF7FF2AC2B59900653CE1 /* Model */,
				CE3DF7FE2AC2B59100653CE1 /* Network */,
				CE3DF7F82AC2B0F100653CE1 /* View */,
				CE3DF7F72AC2B0C500653CE1 /* Scene */,
				CE3DF7F62AC2B0BB00653CE1 /* Base */,
				CE3DF7EB2AC17CE500653CE1 /* Utility */,
				CEB00FC02AC030BF001E7BB0 /* AppDelegate.swift */,
				CEB00FC22AC030BF001E7BB0 /* SceneDelegate.swift */,
				CEB00FC42AC030BF001E7BB0 /* ViewController.swift */,
				CEB00FC62AC030BF001E7BB0 /* Main.storyboard */,
				CEB00FC92AC030C0001E7BB0 /* Assets.xcassets */,
				CEB00FCB2AC030C0001E7BB0 /* LaunchScreen.storyboard */,
				CEB00FCE2AC030C0001E7BB0 /* Info.plist */,
				CE3DF7E92AC1602D00653CE1 /* .gitignore */,
				CE3DF7F42AC2A9C500653CE1 /* Localizable.strings */,
				CE3DF80A2AC2C34400653CE1 /* InfoPlist.strings */,
				CE3DF8192AC3B26900653CE1 /* Observable.swift */,
			);
			path = DailyPin;
			sourceTree = "<group>";
		};
		CEB390A82ACEF4E200E4B2AC /* Record */ = {
			isa = PBXGroup;
			children = (
				CEB390A92ACEF50100E4B2AC /* RecordViewController.swift */,
				CEB390AB2ACEF50800E4B2AC /* RecordView.swift */,
			);
			path = Record;
			sourceTree = "<group>";
		};
/* End PBXGroup section */

/* Begin PBXNativeTarget section */
		CEB00FBC2AC030BF001E7BB0 /* DailyPin */ = {
			isa = PBXNativeTarget;
			buildConfigurationList = CEB00FD12AC030C0001E7BB0 /* Build configuration list for PBXNativeTarget "DailyPin" */;
			buildPhases = (
				CEB00FB92AC030BF001E7BB0 /* Sources */,
				CEB00FBA2AC030BF001E7BB0 /* Frameworks */,
				CEB00FBB2AC030BF001E7BB0 /* Resources */,
			);
			buildRules = (
			);
			dependencies = (
			);
			name = DailyPin;
			packageProductDependencies = (
				CE3DF8212AC53E5700653CE1 /* SnapKit */,
				CE3DF8242AC53E6300653CE1 /* Alamofire */,
				CE3245992AC8FAF500582FC5 /* Toast */,
				CE9B0E8A2ACA6A0A008A0694 /* FloatingPanel */,
				CE4DF9072ACBB6AF00546526 /* Realm */,
				CE4DF9092ACBB6AF00546526 /* RealmSwift */,
			);
			productName = DailyPin;
			productReference = CEB00FBD2AC030BF001E7BB0 /* DailyPin.app */;
			productType = "com.apple.product-type.application";
		};
/* End PBXNativeTarget section */

/* Begin PBXProject section */
		CEB00FB52AC030BF001E7BB0 /* Project object */ = {
			isa = PBXProject;
			attributes = {
				BuildIndependentTargetsInParallel = 1;
				LastSwiftUpdateCheck = 1430;
				LastUpgradeCheck = 1430;
				TargetAttributes = {
					CEB00FBC2AC030BF001E7BB0 = {
						CreatedOnToolsVersion = 14.3.1;
					};
				};
			};
			buildConfigurationList = CEB00FB82AC030BF001E7BB0 /* Build configuration list for PBXProject "DailyPin" */;
			compatibilityVersion = "Xcode 14.0";
			developmentRegion = en;
			hasScannedForEncodings = 0;
			knownRegions = (
				en,
				Base,
				ko,
			);
			mainGroup = CEB00FB42AC030BF001E7BB0;
			packageReferences = (
				CE3DF8202AC53E5700653CE1 /* XCRemoteSwiftPackageReference "SnapKit" */,
				CE3DF8232AC53E6300653CE1 /* XCRemoteSwiftPackageReference "Alamofire" */,
				CE3245982AC8FAF500582FC5 /* XCRemoteSwiftPackageReference "Toast-Swift" */,
				CE9B0E892ACA6A0A008A0694 /* XCRemoteSwiftPackageReference "FloatingPanel" */,
				CE4DF9062ACBB6AF00546526 /* XCRemoteSwiftPackageReference "realm-swift" */,
			);
			productRefGroup = CEB00FBE2AC030BF001E7BB0 /* Products */;
			projectDirPath = "";
			projectRoot = "";
			targets = (
				CEB00FBC2AC030BF001E7BB0 /* DailyPin */,
			);
		};
/* End PBXProject section */

/* Begin PBXResourcesBuildPhase section */
		CEB00FBB2AC030BF001E7BB0 /* Resources */ = {
			isa = PBXResourcesBuildPhase;
			buildActionMask = 2147483647;
			files = (
				CE3DF7F22AC2A9C500653CE1 /* Localizable.strings in Resources */,
				CE3DF8082AC2C34400653CE1 /* InfoPlist.strings in Resources */,
				CE3DF7EA2AC1602D00653CE1 /* .gitignore in Resources */,
				CEB00FCD2AC030C0001E7BB0 /* LaunchScreen.storyboard in Resources */,
				CEB00FCA2AC030C0001E7BB0 /* Assets.xcassets in Resources */,
				CEB00FC82AC030BF001E7BB0 /* Main.storyboard in Resources */,
			);
			runOnlyForDeploymentPostprocessing = 0;
		};
/* End PBXResourcesBuildPhase section */

/* Begin PBXSourcesBuildPhase section */
		CEB00FB92AC030BF001E7BB0 /* Sources */ = {
			isa = PBXSourcesBuildPhase;
			buildActionMask = 2147483647;
			files = (
				CE52CB722AC7197C007AD7F8 /* SearchViewModel.swift in Sources */,
				CE3DF8162AC3311400653CE1 /* BaseUIButton.swift in Sources */,
				CE52CB6C2AC5AED6007AD7F8 /* APIKey.swift in Sources */,
				CE3DF81A2AC3B26900653CE1 /* Observable.swift in Sources */,
				CEB390AE2ACF0DB200E4B2AC /* UIScrollView.swift in Sources */,
				CE3DF8142AC330DB00653CE1 /* MyLocationButton.swift in Sources */,
				CE4DF9132ACBC6BB00546526 /* DatabaseError.swift in Sources */,
				CE52CB752AC71B47007AD7F8 /* InvalidError.swift in Sources */,
				CE9B0E982ACB04DB008A0694 /* AddButton.swift in Sources */,
				CE9B0E932ACA8122008A0694 /* InfoViewModel.swift in Sources */,
				CE52CB702AC7186F007AD7F8 /* LangCode.swift in Sources */,
				CE3DF8012AC2B5B100653CE1 /* MainMapViewController.swift in Sources */,
				CE3DF80E2AC2D25600653CE1 /* String+Extension.swift in Sources */,
				CE32459F2AC9683300582FC5 /* InfoView.swift in Sources */,
				CEB390AC2ACEF50800E4B2AC /* RecordView.swift in Sources */,
				CE52CB772AC7B454007AD7F8 /* NetworkError.swift in Sources */,
				CEB390BA2ACFDF4C00E4B2AC /* DateFormatter.swift in Sources */,
				CE32459C2AC9682200582FC5 /* InfoViewController.swift in Sources */,
				CE3DF7FA2AC2B1BB00653CE1 /* BaseViewController.swift in Sources */,
				CE3DF8102AC3298300653CE1 /* SearchBar.swift in Sources */,
				CE3DF8032AC2B5BA00653CE1 /* MainMapView.swift in Sources */,
				CEB00FC52AC030BF001E7BB0 /* ViewController.swift in Sources */,
				CE52CB682AC5ADBB007AD7F8 /* GoogleNetwork.swift in Sources */,
				CE52CB792AC7D302007AD7F8 /* BaseCollectionViewCell.swift in Sources */,
				CE52CB7F2AC879D5007AD7F8 /* CollectionViewProtocol.swift in Sources */,
				CE3DF8122AC3300500653CE1 /* CalendarButton.swift in Sources */,
				CEB390A72ACE840600E4B2AC /* SearchParameter.swift in Sources */,
				CE4DF90D2ACBBC3E00546526 /* Place.swift in Sources */,
				CE4DF9112ACBC63200546526 /* PlaceRepository.swift in Sources */,
				CE52CB6E2AC5B1D6007AD7F8 /* Router.swift in Sources */,
				CE3DF81F2AC52C3B00653CE1 /* SearchViewController.swift in Sources */,
				CE9B0E8D2ACA6A1E008A0694 /* FloatingPanelCustomLayout.swift in Sources */,
				CE3DF81D2AC52C2E00653CE1 /* SearchView.swift in Sources */,
				CEB00FC12AC030BF001E7BB0 /* AppDelegate.swift in Sources */,
				CE3DF7FC2AC2B39D00653CE1 /* BaseView.swift in Sources */,
				CE52CB7B2AC7D3A5007AD7F8 /* SearchCollectionViewCell.swift in Sources */,
				CEB390B42ACFCD4600E4B2AC /* MemoTextView.swift in Sources */,
				CE52CB6A2AC5AE17007AD7F8 /* Search.swift in Sources */,
				CE4DF9152ACBD5C500546526 /* MainMapViewModel.swift in Sources */,
				CEB00FC32AC030BF001E7BB0 /* SceneDelegate.swift in Sources */,
				CEB390B62ACFDC0C00E4B2AC /* RecordMode.swift in Sources */,
				CEB390AA2ACEF50100E4B2AC /* RecordViewController.swift in Sources */,
				CE3DF7ED2AC1AFCA00653CE1 /* Constants.swift in Sources */,
				CE9B0E952ACA95D7008A0694 /* SearchButton.swift in Sources */,
			);
			runOnlyForDeploymentPostprocessing = 0;
		};
/* End PBXSourcesBuildPhase section */

/* Begin PBXVariantGroup section */
		CE3DF7F42AC2A9C500653CE1 /* Localizable.strings */ = {
			isa = PBXVariantGroup;
			children = (
				CE3DF7F32AC2A9C500653CE1 /* en */,
				CE3DF7F52AC2A9ED00653CE1 /* ko */,
			);
			name = Localizable.strings;
			sourceTree = "<group>";
		};
		CE3DF80A2AC2C34400653CE1 /* InfoPlist.strings */ = {
			isa = PBXVariantGroup;
			children = (
				CE3DF8092AC2C34400653CE1 /* en */,
				CE3DF80B2AC2C34700653CE1 /* ko */,
			);
			name = InfoPlist.strings;
			sourceTree = "<group>";
		};
		CEB00FC62AC030BF001E7BB0 /* Main.storyboard */ = {
			isa = PBXVariantGroup;
			children = (
				CEB00FC72AC030BF001E7BB0 /* Base */,
			);
			name = Main.storyboard;
			sourceTree = "<group>";
		};
		CEB00FCB2AC030C0001E7BB0 /* LaunchScreen.storyboard */ = {
			isa = PBXVariantGroup;
			children = (
				CEB00FCC2AC030C0001E7BB0 /* Base */,
			);
			name = LaunchScreen.storyboard;
			sourceTree = "<group>";
		};
/* End PBXVariantGroup section */

/* Begin XCBuildConfiguration section */
		CEB00FCF2AC030C0001E7BB0 /* Debug */ = {
			isa = XCBuildConfiguration;
			buildSettings = {
				ALWAYS_SEARCH_USER_PATHS = NO;
				CLANG_ANALYZER_LOCALIZABILITY_NONLOCALIZED = YES;
				CLANG_ANALYZER_NONNULL = YES;
				CLANG_ANALYZER_NUMBER_OBJECT_CONVERSION = YES_AGGRESSIVE;
				CLANG_CXX_LANGUAGE_STANDARD = "gnu++20";
				CLANG_ENABLE_MODULES = YES;
				CLANG_ENABLE_OBJC_ARC = YES;
				CLANG_ENABLE_OBJC_WEAK = YES;
				CLANG_WARN_BLOCK_CAPTURE_AUTORELEASING = YES;
				CLANG_WARN_BOOL_CONVERSION = YES;
				CLANG_WARN_COMMA = YES;
				CLANG_WARN_CONSTANT_CONVERSION = YES;
				CLANG_WARN_DEPRECATED_OBJC_IMPLEMENTATIONS = YES;
				CLANG_WARN_DIRECT_OBJC_ISA_USAGE = YES_ERROR;
				CLANG_WARN_DOCUMENTATION_COMMENTS = YES;
				CLANG_WARN_EMPTY_BODY = YES;
				CLANG_WARN_ENUM_CONVERSION = YES;
				CLANG_WARN_INFINITE_RECURSION = YES;
				CLANG_WARN_INT_CONVERSION = YES;
				CLANG_WARN_NON_LITERAL_NULL_CONVERSION = YES;
				CLANG_WARN_OBJC_IMPLICIT_RETAIN_SELF = YES;
				CLANG_WARN_OBJC_LITERAL_CONVERSION = YES;
				CLANG_WARN_OBJC_ROOT_CLASS = YES_ERROR;
				CLANG_WARN_QUOTED_INCLUDE_IN_FRAMEWORK_HEADER = YES;
				CLANG_WARN_RANGE_LOOP_ANALYSIS = YES;
				CLANG_WARN_STRICT_PROTOTYPES = YES;
				CLANG_WARN_SUSPICIOUS_MOVE = YES;
				CLANG_WARN_UNGUARDED_AVAILABILITY = YES_AGGRESSIVE;
				CLANG_WARN_UNREACHABLE_CODE = YES;
				CLANG_WARN__DUPLICATE_METHOD_MATCH = YES;
				COPY_PHASE_STRIP = NO;
				DEBUG_INFORMATION_FORMAT = dwarf;
				ENABLE_STRICT_OBJC_MSGSEND = YES;
				ENABLE_TESTABILITY = YES;
				GCC_C_LANGUAGE_STANDARD = gnu11;
				GCC_DYNAMIC_NO_PIC = NO;
				GCC_NO_COMMON_BLOCKS = YES;
				GCC_OPTIMIZATION_LEVEL = 0;
				GCC_PREPROCESSOR_DEFINITIONS = (
					"DEBUG=1",
					"$(inherited)",
				);
				GCC_WARN_64_TO_32_BIT_CONVERSION = YES;
				GCC_WARN_ABOUT_RETURN_TYPE = YES_ERROR;
				GCC_WARN_UNDECLARED_SELECTOR = YES;
				GCC_WARN_UNINITIALIZED_AUTOS = YES_AGGRESSIVE;
				GCC_WARN_UNUSED_FUNCTION = YES;
				GCC_WARN_UNUSED_VARIABLE = YES;
				IPHONEOS_DEPLOYMENT_TARGET = 16.4;
				MTL_ENABLE_DEBUG_INFO = INCLUDE_SOURCE;
				MTL_FAST_MATH = YES;
				ONLY_ACTIVE_ARCH = YES;
				SDKROOT = iphoneos;
				SWIFT_ACTIVE_COMPILATION_CONDITIONS = DEBUG;
				SWIFT_OPTIMIZATION_LEVEL = "-Onone";
			};
			name = Debug;
		};
		CEB00FD02AC030C0001E7BB0 /* Release */ = {
			isa = XCBuildConfiguration;
			buildSettings = {
				ALWAYS_SEARCH_USER_PATHS = NO;
				CLANG_ANALYZER_LOCALIZABILITY_NONLOCALIZED = YES;
				CLANG_ANALYZER_NONNULL = YES;
				CLANG_ANALYZER_NUMBER_OBJECT_CONVERSION = YES_AGGRESSIVE;
				CLANG_CXX_LANGUAGE_STANDARD = "gnu++20";
				CLANG_ENABLE_MODULES = YES;
				CLANG_ENABLE_OBJC_ARC = YES;
				CLANG_ENABLE_OBJC_WEAK = YES;
				CLANG_WARN_BLOCK_CAPTURE_AUTORELEASING = YES;
				CLANG_WARN_BOOL_CONVERSION = YES;
				CLANG_WARN_COMMA = YES;
				CLANG_WARN_CONSTANT_CONVERSION = YES;
				CLANG_WARN_DEPRECATED_OBJC_IMPLEMENTATIONS = YES;
				CLANG_WARN_DIRECT_OBJC_ISA_USAGE = YES_ERROR;
				CLANG_WARN_DOCUMENTATION_COMMENTS = YES;
				CLANG_WARN_EMPTY_BODY = YES;
				CLANG_WARN_ENUM_CONVERSION = YES;
				CLANG_WARN_INFINITE_RECURSION = YES;
				CLANG_WARN_INT_CONVERSION = YES;
				CLANG_WARN_NON_LITERAL_NULL_CONVERSION = YES;
				CLANG_WARN_OBJC_IMPLICIT_RETAIN_SELF = YES;
				CLANG_WARN_OBJC_LITERAL_CONVERSION = YES;
				CLANG_WARN_OBJC_ROOT_CLASS = YES_ERROR;
				CLANG_WARN_QUOTED_INCLUDE_IN_FRAMEWORK_HEADER = YES;
				CLANG_WARN_RANGE_LOOP_ANALYSIS = YES;
				CLANG_WARN_STRICT_PROTOTYPES = YES;
				CLANG_WARN_SUSPICIOUS_MOVE = YES;
				CLANG_WARN_UNGUARDED_AVAILABILITY = YES_AGGRESSIVE;
				CLANG_WARN_UNREACHABLE_CODE = YES;
				CLANG_WARN__DUPLICATE_METHOD_MATCH = YES;
				COPY_PHASE_STRIP = NO;
				DEBUG_INFORMATION_FORMAT = "dwarf-with-dsym";
				ENABLE_NS_ASSERTIONS = NO;
				ENABLE_STRICT_OBJC_MSGSEND = YES;
				GCC_C_LANGUAGE_STANDARD = gnu11;
				GCC_NO_COMMON_BLOCKS = YES;
				GCC_WARN_64_TO_32_BIT_CONVERSION = YES;
				GCC_WARN_ABOUT_RETURN_TYPE = YES_ERROR;
				GCC_WARN_UNDECLARED_SELECTOR = YES;
				GCC_WARN_UNINITIALIZED_AUTOS = YES_AGGRESSIVE;
				GCC_WARN_UNUSED_FUNCTION = YES;
				GCC_WARN_UNUSED_VARIABLE = YES;
				IPHONEOS_DEPLOYMENT_TARGET = 16.4;
				MTL_ENABLE_DEBUG_INFO = NO;
				MTL_FAST_MATH = YES;
				SDKROOT = iphoneos;
				SWIFT_COMPILATION_MODE = wholemodule;
				SWIFT_OPTIMIZATION_LEVEL = "-O";
				VALIDATE_PRODUCT = YES;
			};
			name = Release;
		};
		CEB00FD22AC030C0001E7BB0 /* Debug */ = {
			isa = XCBuildConfiguration;
			buildSettings = {
				ASSETCATALOG_COMPILER_APPICON_NAME = AppIcon;
				ASSETCATALOG_COMPILER_GLOBAL_ACCENT_COLOR_NAME = AccentColor;
				CODE_SIGN_STYLE = Automatic;
				CURRENT_PROJECT_VERSION = 1;
				DEVELOPMENT_TEAM = DJP8DYB9HG;
				GENERATE_INFOPLIST_FILE = YES;
				INFOPLIST_FILE = DailyPin/Info.plist;
				INFOPLIST_KEY_UIApplicationSupportsIndirectInputEvents = YES;
				INFOPLIST_KEY_UILaunchStoryboardName = LaunchScreen;
				INFOPLIST_KEY_UIMainStoryboardFile = Main;
				INFOPLIST_KEY_UISupportedInterfaceOrientations = UIInterfaceOrientationPortrait;
				INFOPLIST_KEY_UISupportedInterfaceOrientations_iPad = "UIInterfaceOrientationLandscapeLeft UIInterfaceOrientationLandscapeRight UIInterfaceOrientationPortrait UIInterfaceOrientationPortraitUpsideDown";
				IPHONEOS_DEPLOYMENT_TARGET = 15.0;
				LD_RUNPATH_SEARCH_PATHS = (
					"$(inherited)",
					"@executable_path/Frameworks",
				);
				MARKETING_VERSION = 1.0;
				PRODUCT_BUNDLE_IDENTIFIER = com.jiyeon.DailyPin;
				PRODUCT_NAME = "$(TARGET_NAME)";
				SUPPORTED_PLATFORMS = "iphoneos iphonesimulator";
				SUPPORTS_MACCATALYST = NO;
				SUPPORTS_MAC_DESIGNED_FOR_IPHONE_IPAD = NO;
				SWIFT_EMIT_LOC_STRINGS = YES;
				SWIFT_VERSION = 5.0;
				TARGETED_DEVICE_FAMILY = 1;
			};
			name = Debug;
		};
		CEB00FD32AC030C0001E7BB0 /* Release */ = {
			isa = XCBuildConfiguration;
			buildSettings = {
				ASSETCATALOG_COMPILER_APPICON_NAME = AppIcon;
				ASSETCATALOG_COMPILER_GLOBAL_ACCENT_COLOR_NAME = AccentColor;
				CODE_SIGN_STYLE = Automatic;
				CURRENT_PROJECT_VERSION = 1;
				DEVELOPMENT_TEAM = DJP8DYB9HG;
				GENERATE_INFOPLIST_FILE = YES;
				INFOPLIST_FILE = DailyPin/Info.plist;
				INFOPLIST_KEY_UIApplicationSupportsIndirectInputEvents = YES;
				INFOPLIST_KEY_UILaunchStoryboardName = LaunchScreen;
				INFOPLIST_KEY_UIMainStoryboardFile = Main;
				INFOPLIST_KEY_UISupportedInterfaceOrientations = UIInterfaceOrientationPortrait;
				INFOPLIST_KEY_UISupportedInterfaceOrientations_iPad = "UIInterfaceOrientationLandscapeLeft UIInterfaceOrientationLandscapeRight UIInterfaceOrientationPortrait UIInterfaceOrientationPortraitUpsideDown";
				IPHONEOS_DEPLOYMENT_TARGET = 15.0;
				LD_RUNPATH_SEARCH_PATHS = (
					"$(inherited)",
					"@executable_path/Frameworks",
				);
				MARKETING_VERSION = 1.0;
				PRODUCT_BUNDLE_IDENTIFIER = com.jiyeon.DailyPin;
				PRODUCT_NAME = "$(TARGET_NAME)";
				SUPPORTED_PLATFORMS = "iphoneos iphonesimulator";
				SUPPORTS_MACCATALYST = NO;
				SUPPORTS_MAC_DESIGNED_FOR_IPHONE_IPAD = NO;
				SWIFT_EMIT_LOC_STRINGS = YES;
				SWIFT_VERSION = 5.0;
				TARGETED_DEVICE_FAMILY = 1;
			};
			name = Release;
		};
/* End XCBuildConfiguration section */

/* Begin XCConfigurationList section */
		CEB00FB82AC030BF001E7BB0 /* Build configuration list for PBXProject "DailyPin" */ = {
			isa = XCConfigurationList;
			buildConfigurations = (
				CEB00FCF2AC030C0001E7BB0 /* Debug */,
				CEB00FD02AC030C0001E7BB0 /* Release */,
			);
			defaultConfigurationIsVisible = 0;
			defaultConfigurationName = Release;
		};
		CEB00FD12AC030C0001E7BB0 /* Build configuration list for PBXNativeTarget "DailyPin" */ = {
			isa = XCConfigurationList;
			buildConfigurations = (
				CEB00FD22AC030C0001E7BB0 /* Debug */,
				CEB00FD32AC030C0001E7BB0 /* Release */,
			);
			defaultConfigurationIsVisible = 0;
			defaultConfigurationName = Release;
		};
/* End XCConfigurationList section */

/* Begin XCRemoteSwiftPackageReference section */
		CE3245982AC8FAF500582FC5 /* XCRemoteSwiftPackageReference "Toast-Swift" */ = {
			isa = XCRemoteSwiftPackageReference;
			repositoryURL = "https://github.com/scalessec/Toast-Swift.git";
			requirement = {
				kind = upToNextMajorVersion;
				minimumVersion = 5.0.0;
			};
		};
		CE3DF8202AC53E5700653CE1 /* XCRemoteSwiftPackageReference "SnapKit" */ = {
			isa = XCRemoteSwiftPackageReference;
			repositoryURL = "https://github.com/SnapKit/SnapKit.git";
			requirement = {
				kind = upToNextMajorVersion;
				minimumVersion = 5.0.0;
			};
		};
		CE3DF8232AC53E6300653CE1 /* XCRemoteSwiftPackageReference "Alamofire" */ = {
			isa = XCRemoteSwiftPackageReference;
			repositoryURL = "https://github.com/Alamofire/Alamofire";
			requirement = {
				kind = upToNextMajorVersion;
				minimumVersion = 5.0.0;
			};
		};
		CE4DF9062ACBB6AF00546526 /* XCRemoteSwiftPackageReference "realm-swift" */ = {
			isa = XCRemoteSwiftPackageReference;
			repositoryURL = "https://github.com/realm/realm-swift.git";
			requirement = {
				branch = master;
				kind = branch;
			};
		};
		CE9B0E892ACA6A0A008A0694 /* XCRemoteSwiftPackageReference "FloatingPanel" */ = {
			isa = XCRemoteSwiftPackageReference;
			repositoryURL = "https://github.com/scenee/FloatingPanel.git";
			requirement = {
				kind = upToNextMajorVersion;
				minimumVersion = 2.0.0;
			};
		};
/* End XCRemoteSwiftPackageReference section */

/* Begin XCSwiftPackageProductDependency section */
		CE3245992AC8FAF500582FC5 /* Toast */ = {
			isa = XCSwiftPackageProductDependency;
			package = CE3245982AC8FAF500582FC5 /* XCRemoteSwiftPackageReference "Toast-Swift" */;
			productName = Toast;
		};
		CE3DF8212AC53E5700653CE1 /* SnapKit */ = {
			isa = XCSwiftPackageProductDependency;
			package = CE3DF8202AC53E5700653CE1 /* XCRemoteSwiftPackageReference "SnapKit" */;
			productName = SnapKit;
		};
		CE3DF8242AC53E6300653CE1 /* Alamofire */ = {
			isa = XCSwiftPackageProductDependency;
			package = CE3DF8232AC53E6300653CE1 /* XCRemoteSwiftPackageReference "Alamofire" */;
			productName = Alamofire;
		};
		CE4DF9072ACBB6AF00546526 /* Realm */ = {
			isa = XCSwiftPackageProductDependency;
			package = CE4DF9062ACBB6AF00546526 /* XCRemoteSwiftPackageReference "realm-swift" */;
			productName = Realm;
		};
		CE4DF9092ACBB6AF00546526 /* RealmSwift */ = {
			isa = XCSwiftPackageProductDependency;
			package = CE4DF9062ACBB6AF00546526 /* XCRemoteSwiftPackageReference "realm-swift" */;
			productName = RealmSwift;
		};
		CE9B0E8A2ACA6A0A008A0694 /* FloatingPanel */ = {
			isa = XCSwiftPackageProductDependency;
			package = CE9B0E892ACA6A0A008A0694 /* XCRemoteSwiftPackageReference "FloatingPanel" */;
			productName = FloatingPanel;
		};
/* End XCSwiftPackageProductDependency section */
	};
	rootObject = CEB00FB52AC030BF001E7BB0 /* Project object */;
}
