// !$*UTF8*$!
{
	archiveVersion = 1;
	classes = {
	};
	objectVersion = 56;
	objects = {

/* Begin PBXBuildFile section */
		BA3233B8710733D24E0D3C79 /* Pods_DailyPin.framework in Frameworks */ = {isa = PBXBuildFile; fileRef = 05D05AB0618135E1D91B89A6 /* Pods_DailyPin.framework */; };
		CE3DF7EA2AC1602D00653CE1 /* .gitignore in Resources */ = {isa = PBXBuildFile; fileRef = CE3DF7E92AC1602D00653CE1 /* .gitignore */; };
		CE3DF7ED2AC1AFCA00653CE1 /* Constants.swift in Sources */ = {isa = PBXBuildFile; fileRef = CE3DF7EC2AC1AFCA00653CE1 /* Constants.swift */; };
		CE3DF7F22AC2A9C500653CE1 /* Localizable.strings in Resources */ = {isa = PBXBuildFile; fileRef = CE3DF7F42AC2A9C500653CE1 /* Localizable.strings */; };
		CE3DF7FA2AC2B1BB00653CE1 /* BaseViewController.swift in Sources */ = {isa = PBXBuildFile; fileRef = CE3DF7F92AC2B1BB00653CE1 /* BaseViewController.swift */; };
		CE3DF7FC2AC2B39D00653CE1 /* BaseView.swift in Sources */ = {isa = PBXBuildFile; fileRef = CE3DF7FB2AC2B39D00653CE1 /* BaseView.swift */; };
		CE3DF8012AC2B5B100653CE1 /* MainMapViewController.swift in Sources */ = {isa = PBXBuildFile; fileRef = CE3DF8002AC2B5B100653CE1 /* MainMapViewController.swift */; };
		CE3DF8032AC2B5BA00653CE1 /* MainMapView.swift in Sources */ = {isa = PBXBuildFile; fileRef = CE3DF8022AC2B5BA00653CE1 /* MainMapView.swift */; };
		CE3DF8082AC2C34400653CE1 /* InfoPlist.strings in Resources */ = {isa = PBXBuildFile; fileRef = CE3DF80A2AC2C34400653CE1 /* InfoPlist.strings */; };
		CE3DF80E2AC2D25600653CE1 /* String+Extension.swift in Sources */ = {isa = PBXBuildFile; fileRef = CE3DF80D2AC2D25600653CE1 /* String+Extension.swift */; };
		CEB00FC12AC030BF001E7BB0 /* AppDelegate.swift in Sources */ = {isa = PBXBuildFile; fileRef = CEB00FC02AC030BF001E7BB0 /* AppDelegate.swift */; };
		CEB00FC32AC030BF001E7BB0 /* SceneDelegate.swift in Sources */ = {isa = PBXBuildFile; fileRef = CEB00FC22AC030BF001E7BB0 /* SceneDelegate.swift */; };
		CEB00FC52AC030BF001E7BB0 /* ViewController.swift in Sources */ = {isa = PBXBuildFile; fileRef = CEB00FC42AC030BF001E7BB0 /* ViewController.swift */; };
		CEB00FC82AC030BF001E7BB0 /* Main.storyboard in Resources */ = {isa = PBXBuildFile; fileRef = CEB00FC62AC030BF001E7BB0 /* Main.storyboard */; };
		CEB00FCA2AC030C0001E7BB0 /* Assets.xcassets in Resources */ = {isa = PBXBuildFile; fileRef = CEB00FC92AC030C0001E7BB0 /* Assets.xcassets */; };
		CEB00FCD2AC030C0001E7BB0 /* LaunchScreen.storyboard in Resources */ = {isa = PBXBuildFile; fileRef = CEB00FCB2AC030C0001E7BB0 /* LaunchScreen.storyboard */; };
/* End PBXBuildFile section */

/* Begin PBXFileReference section */
		05D05AB0618135E1D91B89A6 /* Pods_DailyPin.framework */ = {isa = PBXFileReference; explicitFileType = wrapper.framework; includeInIndex = 0; path = Pods_DailyPin.framework; sourceTree = BUILT_PRODUCTS_DIR; };
		27EC23796111CB4C7B43E763 /* Pods-DailyPin.debug.xcconfig */ = {isa = PBXFileReference; includeInIndex = 1; lastKnownFileType = text.xcconfig; name = "Pods-DailyPin.debug.xcconfig"; path = "Target Support Files/Pods-DailyPin/Pods-DailyPin.debug.xcconfig"; sourceTree = "<group>"; };
		8EEB27B0A9722F91D177EF65 /* Pods-DailyPin.release.xcconfig */ = {isa = PBXFileReference; includeInIndex = 1; lastKnownFileType = text.xcconfig; name = "Pods-DailyPin.release.xcconfig"; path = "Target Support Files/Pods-DailyPin/Pods-DailyPin.release.xcconfig"; sourceTree = "<group>"; };
		CE3DF7E92AC1602D00653CE1 /* .gitignore */ = {isa = PBXFileReference; lastKnownFileType = text; path = .gitignore; sourceTree = "<group>"; };
		CE3DF7EC2AC1AFCA00653CE1 /* Constants.swift */ = {isa = PBXFileReference; lastKnownFileType = sourcecode.swift; path = Constants.swift; sourceTree = "<group>"; };
		CE3DF7F32AC2A9C500653CE1 /* en */ = {isa = PBXFileReference; lastKnownFileType = text.plist.strings; name = en; path = en.lproj/Localizable.strings; sourceTree = "<group>"; };
		CE3DF7F52AC2A9ED00653CE1 /* ko */ = {isa = PBXFileReference; lastKnownFileType = text.plist.strings; name = ko; path = ko.lproj/Localizable.strings; sourceTree = "<group>"; };
		CE3DF7F92AC2B1BB00653CE1 /* BaseViewController.swift */ = {isa = PBXFileReference; lastKnownFileType = sourcecode.swift; path = BaseViewController.swift; sourceTree = "<group>"; };
		CE3DF7FB2AC2B39D00653CE1 /* BaseView.swift */ = {isa = PBXFileReference; lastKnownFileType = sourcecode.swift; path = BaseView.swift; sourceTree = "<group>"; };
		CE3DF8002AC2B5B100653CE1 /* MainMapViewController.swift */ = {isa = PBXFileReference; lastKnownFileType = sourcecode.swift; path = MainMapViewController.swift; sourceTree = "<group>"; };
		CE3DF8022AC2B5BA00653CE1 /* MainMapView.swift */ = {isa = PBXFileReference; lastKnownFileType = sourcecode.swift; path = MainMapView.swift; sourceTree = "<group>"; };
		CE3DF8092AC2C34400653CE1 /* en */ = {isa = PBXFileReference; lastKnownFileType = text.plist.strings; name = en; path = en.lproj/InfoPlist.strings; sourceTree = "<group>"; };
		CE3DF80B2AC2C34700653CE1 /* ko */ = {isa = PBXFileReference; lastKnownFileType = text.plist.strings; name = ko; path = ko.lproj/InfoPlist.strings; sourceTree = "<group>"; };
		CE3DF80D2AC2D25600653CE1 /* String+Extension.swift */ = {isa = PBXFileReference; lastKnownFileType = sourcecode.swift; path = "String+Extension.swift"; sourceTree = "<group>"; };
		CEB00FBD2AC030BF001E7BB0 /* DailyPin.app */ = {isa = PBXFileReference; explicitFileType = wrapper.application; includeInIndex = 0; path = DailyPin.app; sourceTree = BUILT_PRODUCTS_DIR; };
		CEB00FC02AC030BF001E7BB0 /* AppDelegate.swift */ = {isa = PBXFileReference; lastKnownFileType = sourcecode.swift; path = AppDelegate.swift; sourceTree = "<group>"; };
		CEB00FC22AC030BF001E7BB0 /* SceneDelegate.swift */ = {isa = PBXFileReference; lastKnownFileType = sourcecode.swift; path = SceneDelegate.swift; sourceTree = "<group>"; };
		CEB00FC42AC030BF001E7BB0 /* ViewController.swift */ = {isa = PBXFileReference; lastKnownFileType = sourcecode.swift; path = ViewController.swift; sourceTree = "<group>"; };
		CEB00FC72AC030BF001E7BB0 /* Base */ = {isa = PBXFileReference; lastKnownFileType = file.storyboard; name = Base; path = Base.lproj/Main.storyboard; sourceTree = "<group>"; };
		CEB00FC92AC030C0001E7BB0 /* Assets.xcassets */ = {isa = PBXFileReference; lastKnownFileType = folder.assetcatalog; path = Assets.xcassets; sourceTree = "<group>"; };
		CEB00FCC2AC030C0001E7BB0 /* Base */ = {isa = PBXFileReference; lastKnownFileType = file.storyboard; name = Base; path = Base.lproj/LaunchScreen.storyboard; sourceTree = "<group>"; };
		CEB00FCE2AC030C0001E7BB0 /* Info.plist */ = {isa = PBXFileReference; lastKnownFileType = text.plist.xml; path = Info.plist; sourceTree = "<group>"; };
/* End PBXFileReference section */

/* Begin PBXFrameworksBuildPhase section */
		CEB00FBA2AC030BF001E7BB0 /* Frameworks */ = {
			isa = PBXFrameworksBuildPhase;
			buildActionMask = 2147483647;
			files = (
				BA3233B8710733D24E0D3C79 /* Pods_DailyPin.framework in Frameworks */,
			);
			runOnlyForDeploymentPostprocessing = 0;
		};
/* End PBXFrameworksBuildPhase section */

/* Begin PBXGroup section */
		04725F41E4E2D1D859B709AB /* Pods */ = {
			isa = PBXGroup;
			children = (
				27EC23796111CB4C7B43E763 /* Pods-DailyPin.debug.xcconfig */,
				8EEB27B0A9722F91D177EF65 /* Pods-DailyPin.release.xcconfig */,
			);
			path = Pods;
			sourceTree = "<group>";
		};
		C2290DA361F3D0A0C645E7FB /* Frameworks */ = {
			isa = PBXGroup;
			children = (
				05D05AB0618135E1D91B89A6 /* Pods_DailyPin.framework */,
			);
			name = Frameworks;
			sourceTree = "<group>";
		};
		CE3DF7EB2AC17CE500653CE1 /* Utility */ = {
			isa = PBXGroup;
			children = (
				CE3DF80C2AC2D24100653CE1 /* Extension */,
				CE3DF7EC2AC1AFCA00653CE1 /* Constants.swift */,
			);
			path = Utility;
			sourceTree = "<group>";
		};
		CE3DF7F62AC2B0BB00653CE1 /* Base */ = {
			isa = PBXGroup;
			children = (
				CE3DF7F92AC2B1BB00653CE1 /* BaseViewController.swift */,
				CE3DF7FB2AC2B39D00653CE1 /* BaseView.swift */,
			);
			path = Base;
			sourceTree = "<group>";
		};
		CE3DF7F72AC2B0C500653CE1 /* Scene */ = {
			isa = PBXGroup;
			children = (
				CE3DF7FD2AC2B57700653CE1 /* Main */,
			);
			path = Scene;
			sourceTree = "<group>";
		};
		CE3DF7F82AC2B0F100653CE1 /* View */ = {
			isa = PBXGroup;
			children = (
			);
			path = View;
			sourceTree = "<group>";
		};
		CE3DF7FD2AC2B57700653CE1 /* Main */ = {
			isa = PBXGroup;
			children = (
				CE3DF8002AC2B5B100653CE1 /* MainMapViewController.swift */,
				CE3DF8022AC2B5BA00653CE1 /* MainMapView.swift */,
			);
			path = Main;
			sourceTree = "<group>";
		};
		CE3DF7FE2AC2B59100653CE1 /* Network */ = {
			isa = PBXGroup;
			children = (
			);
			path = Network;
			sourceTree = "<group>";
		};
		CE3DF7FF2AC2B59900653CE1 /* Model */ = {
			isa = PBXGroup;
			children = (
			);
			path = Model;
			sourceTree = "<group>";
		};
		CE3DF80C2AC2D24100653CE1 /* Extension */ = {
			isa = PBXGroup;
			children = (
				CE3DF80D2AC2D25600653CE1 /* String+Extension.swift */,
			);
			path = Extension;
			sourceTree = "<group>";
		};
		CEB00FB42AC030BF001E7BB0 = {
			isa = PBXGroup;
			children = (
				CEB00FBF2AC030BF001E7BB0 /* DailyPin */,
				CEB00FBE2AC030BF001E7BB0 /* Products */,
				04725F41E4E2D1D859B709AB /* Pods */,
				C2290DA361F3D0A0C645E7FB /* Frameworks */,
			);
			sourceTree = "<group>";
		};
		CEB00FBE2AC030BF001E7BB0 /* Products */ = {
			isa = PBXGroup;
			children = (
				CEB00FBD2AC030BF001E7BB0 /* DailyPin.app */,
			);
			name = Products;
			sourceTree = "<group>";
		};
		CEB00FBF2AC030BF001E7BB0 /* DailyPin */ = {
			isa = PBXGroup;
			children = (
				CE3DF7FF2AC2B59900653CE1 /* Model */,
				CE3DF7FE2AC2B59100653CE1 /* Network */,
				CE3DF7F82AC2B0F100653CE1 /* View */,
				CE3DF7F72AC2B0C500653CE1 /* Scene */,
				CE3DF7F62AC2B0BB00653CE1 /* Base */,
				CE3DF7EB2AC17CE500653CE1 /* Utility */,
				CEB00FC02AC030BF001E7BB0 /* AppDelegate.swift */,
				CEB00FC22AC030BF001E7BB0 /* SceneDelegate.swift */,
				CEB00FC42AC030BF001E7BB0 /* ViewController.swift */,
				CEB00FC62AC030BF001E7BB0 /* Main.storyboard */,
				CEB00FC92AC030C0001E7BB0 /* Assets.xcassets */,
				CEB00FCB2AC030C0001E7BB0 /* LaunchScreen.storyboard */,
				CEB00FCE2AC030C0001E7BB0 /* Info.plist */,
				CE3DF7E92AC1602D00653CE1 /* .gitignore */,
				CE3DF7F42AC2A9C500653CE1 /* Localizable.strings */,
				CE3DF80A2AC2C34400653CE1 /* InfoPlist.strings */,
			);
			path = DailyPin;
			sourceTree = "<group>";
		};
/* End PBXGroup section */

/* Begin PBXNativeTarget section */
		CEB00FBC2AC030BF001E7BB0 /* DailyPin */ = {
			isa = PBXNativeTarget;
			buildConfigurationList = CEB00FD12AC030C0001E7BB0 /* Build configuration list for PBXNativeTarget "DailyPin" */;
			buildPhases = (
				83F56A017EBA618727ED27AD /* [CP] Check Pods Manifest.lock */,
				CEB00FB92AC030BF001E7BB0 /* Sources */,
				CEB00FBA2AC030BF001E7BB0 /* Frameworks */,
				CEB00FBB2AC030BF001E7BB0 /* Resources */,
				FA8EC86E2EA8B42786CCBC08 /* [CP] Embed Pods Frameworks */,
			);
			buildRules = (
			);
			dependencies = (
			);
			name = DailyPin;
			productName = DailyPin;
			productReference = CEB00FBD2AC030BF001E7BB0 /* DailyPin.app */;
			productType = "com.apple.product-type.application";
		};
/* End PBXNativeTarget section */

/* Begin PBXProject section */
		CEB00FB52AC030BF001E7BB0 /* Project object */ = {
			isa = PBXProject;
			attributes = {
				BuildIndependentTargetsInParallel = 1;
				LastSwiftUpdateCheck = 1430;
				LastUpgradeCheck = 1430;
				TargetAttributes = {
					CEB00FBC2AC030BF001E7BB0 = {
						CreatedOnToolsVersion = 14.3.1;
					};
				};
			};
			buildConfigurationList = CEB00FB82AC030BF001E7BB0 /* Build configuration list for PBXProject "DailyPin" */;
			compatibilityVersion = "Xcode 14.0";
			developmentRegion = en;
			hasScannedForEncodings = 0;
			knownRegions = (
				en,
				Base,
				ko,
			);
			mainGroup = CEB00FB42AC030BF001E7BB0;
			productRefGroup = CEB00FBE2AC030BF001E7BB0 /* Products */;
			projectDirPath = "";
			projectRoot = "";
			targets = (
				CEB00FBC2AC030BF001E7BB0 /* DailyPin */,
			);
		};
/* End PBXProject section */

/* Begin PBXResourcesBuildPhase section */
		CEB00FBB2AC030BF001E7BB0 /* Resources */ = {
			isa = PBXResourcesBuildPhase;
			buildActionMask = 2147483647;
			files = (
				CE3DF7F22AC2A9C500653CE1 /* Localizable.strings in Resources */,
				CE3DF8082AC2C34400653CE1 /* InfoPlist.strings in Resources */,
				CE3DF7EA2AC1602D00653CE1 /* .gitignore in Resources */,
				CEB00FCD2AC030C0001E7BB0 /* LaunchScreen.storyboard in Resources */,
				CEB00FCA2AC030C0001E7BB0 /* Assets.xcassets in Resources */,
				CEB00FC82AC030BF001E7BB0 /* Main.storyboard in Resources */,
			);
			runOnlyForDeploymentPostprocessing = 0;
		};
/* End PBXResourcesBuildPhase section */

/* Begin PBXShellScriptBuildPhase section */
		83F56A017EBA618727ED27AD /* [CP] Check Pods Manifest.lock */ = {
			isa = PBXShellScriptBuildPhase;
			buildActionMask = 2147483647;
			files = (
			);
			inputFileListPaths = (
			);
			inputPaths = (
				"${PODS_PODFILE_DIR_PATH}/Podfile.lock",
				"${PODS_ROOT}/Manifest.lock",
			);
			name = "[CP] Check Pods Manifest.lock";
			outputFileListPaths = (
			);
			outputPaths = (
				"$(DERIVED_FILE_DIR)/Pods-DailyPin-checkManifestLockResult.txt",
			);
			runOnlyForDeploymentPostprocessing = 0;
			shellPath = /bin/sh;
			shellScript = "diff \"${PODS_PODFILE_DIR_PATH}/Podfile.lock\" \"${PODS_ROOT}/Manifest.lock\" > /dev/null\nif [ $? != 0 ] ; then\n    # print error to STDERR\n    echo \"error: The sandbox is not in sync with the Podfile.lock. Run 'pod install' or update your CocoaPods installation.\" >&2\n    exit 1\nfi\n# This output is used by Xcode 'outputs' to avoid re-running this script phase.\necho \"SUCCESS\" > \"${SCRIPT_OUTPUT_FILE_0}\"\n";
			showEnvVarsInLog = 0;
		};
		FA8EC86E2EA8B42786CCBC08 /* [CP] Embed Pods Frameworks */ = {
			isa = PBXShellScriptBuildPhase;
			buildActionMask = 2147483647;
			files = (
			);
			inputFileListPaths = (
				"${PODS_ROOT}/Target Support Files/Pods-DailyPin/Pods-DailyPin-frameworks-${CONFIGURATION}-input-files.xcfilelist",
			);
			name = "[CP] Embed Pods Frameworks";
			outputFileListPaths = (
				"${PODS_ROOT}/Target Support Files/Pods-DailyPin/Pods-DailyPin-frameworks-${CONFIGURATION}-output-files.xcfilelist",
			);
			runOnlyForDeploymentPostprocessing = 0;
			shellPath = /bin/sh;
			shellScript = "\"${PODS_ROOT}/Target Support Files/Pods-DailyPin/Pods-DailyPin-frameworks.sh\"\n";
			showEnvVarsInLog = 0;
		};
/* End PBXShellScriptBuildPhase section */

/* Begin PBXSourcesBuildPhase section */
		CEB00FB92AC030BF001E7BB0 /* Sources */ = {
			isa = PBXSourcesBuildPhase;
			buildActionMask = 2147483647;
			files = (
				CE3DF8012AC2B5B100653CE1 /* MainMapViewController.swift in Sources */,
				CE3DF80E2AC2D25600653CE1 /* String+Extension.swift in Sources */,
				CE3DF7FA2AC2B1BB00653CE1 /* BaseViewController.swift in Sources */,
				CE3DF8032AC2B5BA00653CE1 /* MainMapView.swift in Sources */,
				CEB00FC52AC030BF001E7BB0 /* ViewController.swift in Sources */,
				CEB00FC12AC030BF001E7BB0 /* AppDelegate.swift in Sources */,
				CE3DF7FC2AC2B39D00653CE1 /* BaseView.swift in Sources */,
				CEB00FC32AC030BF001E7BB0 /* SceneDelegate.swift in Sources */,
				CE3DF7ED2AC1AFCA00653CE1 /* Constants.swift in Sources */,
			);
			runOnlyForDeploymentPostprocessing = 0;
		};
/* End PBXSourcesBuildPhase section */

/* Begin PBXVariantGroup section */
		CE3DF7F42AC2A9C500653CE1 /* Localizable.strings */ = {
			isa = PBXVariantGroup;
			children = (
				CE3DF7F32AC2A9C500653CE1 /* en */,
				CE3DF7F52AC2A9ED00653CE1 /* ko */,
			);
			name = Localizable.strings;
			sourceTree = "<group>";
		};
		CE3DF80A2AC2C34400653CE1 /* InfoPlist.strings */ = {
			isa = PBXVariantGroup;
			children = (
				CE3DF8092AC2C34400653CE1 /* en */,
				CE3DF80B2AC2C34700653CE1 /* ko */,
			);
			name = InfoPlist.strings;
			sourceTree = "<group>";
		};
		CEB00FC62AC030BF001E7BB0 /* Main.storyboard */ = {
			isa = PBXVariantGroup;
			children = (
				CEB00FC72AC030BF001E7BB0 /* Base */,
			);
			name = Main.storyboard;
			sourceTree = "<group>";
		};
		CEB00FCB2AC030C0001E7BB0 /* LaunchScreen.storyboard */ = {
			isa = PBXVariantGroup;
			children = (
				CEB00FCC2AC030C0001E7BB0 /* Base */,
			);
			name = LaunchScreen.storyboard;
			sourceTree = "<group>";
		};
/* End PBXVariantGroup section */

/* Begin XCBuildConfiguration section */
		CEB00FCF2AC030C0001E7BB0 /* Debug */ = {
			isa = XCBuildConfiguration;
			buildSettings = {
				ALWAYS_SEARCH_USER_PATHS = NO;
				CLANG_ANALYZER_LOCALIZABILITY_NONLOCALIZED = YES;
				CLANG_ANALYZER_NONNULL = YES;
				CLANG_ANALYZER_NUMBER_OBJECT_CONVERSION = YES_AGGRESSIVE;
				CLANG_CXX_LANGUAGE_STANDARD = "gnu++20";
				CLANG_ENABLE_MODULES = YES;
				CLANG_ENABLE_OBJC_ARC = YES;
				CLANG_ENABLE_OBJC_WEAK = YES;
				CLANG_WARN_BLOCK_CAPTURE_AUTORELEASING = YES;
				CLANG_WARN_BOOL_CONVERSION = YES;
				CLANG_WARN_COMMA = YES;
				CLANG_WARN_CONSTANT_CONVERSION = YES;
				CLANG_WARN_DEPRECATED_OBJC_IMPLEMENTATIONS = YES;
				CLANG_WARN_DIRECT_OBJC_ISA_USAGE = YES_ERROR;
				CLANG_WARN_DOCUMENTATION_COMMENTS = YES;
				CLANG_WARN_EMPTY_BODY = YES;
				CLANG_WARN_ENUM_CONVERSION = YES;
				CLANG_WARN_INFINITE_RECURSION = YES;
				CLANG_WARN_INT_CONVERSION = YES;
				CLANG_WARN_NON_LITERAL_NULL_CONVERSION = YES;
				CLANG_WARN_OBJC_IMPLICIT_RETAIN_SELF = YES;
				CLANG_WARN_OBJC_LITERAL_CONVERSION = YES;
				CLANG_WARN_OBJC_ROOT_CLASS = YES_ERROR;
				CLANG_WARN_QUOTED_INCLUDE_IN_FRAMEWORK_HEADER = YES;
				CLANG_WARN_RANGE_LOOP_ANALYSIS = YES;
				CLANG_WARN_STRICT_PROTOTYPES = YES;
				CLANG_WARN_SUSPICIOUS_MOVE = YES;
				CLANG_WARN_UNGUARDED_AVAILABILITY = YES_AGGRESSIVE;
				CLANG_WARN_UNREACHABLE_CODE = YES;
				CLANG_WARN__DUPLICATE_METHOD_MATCH = YES;
				COPY_PHASE_STRIP = NO;
				DEBUG_INFORMATION_FORMAT = dwarf;
				ENABLE_STRICT_OBJC_MSGSEND = YES;
				ENABLE_TESTABILITY = YES;
				GCC_C_LANGUAGE_STANDARD = gnu11;
				GCC_DYNAMIC_NO_PIC = NO;
				GCC_NO_COMMON_BLOCKS = YES;
				GCC_OPTIMIZATION_LEVEL = 0;
				GCC_PREPROCESSOR_DEFINITIONS = (
					"DEBUG=1",
					"$(inherited)",
				);
				GCC_WARN_64_TO_32_BIT_CONVERSION = YES;
				GCC_WARN_ABOUT_RETURN_TYPE = YES_ERROR;
				GCC_WARN_UNDECLARED_SELECTOR = YES;
				GCC_WARN_UNINITIALIZED_AUTOS = YES_AGGRESSIVE;
				GCC_WARN_UNUSED_FUNCTION = YES;
				GCC_WARN_UNUSED_VARIABLE = YES;
				IPHONEOS_DEPLOYMENT_TARGET = 16.4;
				MTL_ENABLE_DEBUG_INFO = INCLUDE_SOURCE;
				MTL_FAST_MATH = YES;
				ONLY_ACTIVE_ARCH = YES;
				SDKROOT = iphoneos;
				SWIFT_ACTIVE_COMPILATION_CONDITIONS = DEBUG;
				SWIFT_OPTIMIZATION_LEVEL = "-Onone";
			};
			name = Debug;
		};
		CEB00FD02AC030C0001E7BB0 /* Release */ = {
			isa = XCBuildConfiguration;
			buildSettings = {
				ALWAYS_SEARCH_USER_PATHS = NO;
				CLANG_ANALYZER_LOCALIZABILITY_NONLOCALIZED = YES;
				CLANG_ANALYZER_NONNULL = YES;
				CLANG_ANALYZER_NUMBER_OBJECT_CONVERSION = YES_AGGRESSIVE;
				CLANG_CXX_LANGUAGE_STANDARD = "gnu++20";
				CLANG_ENABLE_MODULES = YES;
				CLANG_ENABLE_OBJC_ARC = YES;
				CLANG_ENABLE_OBJC_WEAK = YES;
				CLANG_WARN_BLOCK_CAPTURE_AUTORELEASING = YES;
				CLANG_WARN_BOOL_CONVERSION = YES;
				CLANG_WARN_COMMA = YES;
				CLANG_WARN_CONSTANT_CONVERSION = YES;
				CLANG_WARN_DEPRECATED_OBJC_IMPLEMENTATIONS = YES;
				CLANG_WARN_DIRECT_OBJC_ISA_USAGE = YES_ERROR;
				CLANG_WARN_DOCUMENTATION_COMMENTS = YES;
				CLANG_WARN_EMPTY_BODY = YES;
				CLANG_WARN_ENUM_CONVERSION = YES;
				CLANG_WARN_INFINITE_RECURSION = YES;
				CLANG_WARN_INT_CONVERSION = YES;
				CLANG_WARN_NON_LITERAL_NULL_CONVERSION = YES;
				CLANG_WARN_OBJC_IMPLICIT_RETAIN_SELF = YES;
				CLANG_WARN_OBJC_LITERAL_CONVERSION = YES;
				CLANG_WARN_OBJC_ROOT_CLASS = YES_ERROR;
				CLANG_WARN_QUOTED_INCLUDE_IN_FRAMEWORK_HEADER = YES;
				CLANG_WARN_RANGE_LOOP_ANALYSIS = YES;
				CLANG_WARN_STRICT_PROTOTYPES = YES;
				CLANG_WARN_SUSPICIOUS_MOVE = YES;
				CLANG_WARN_UNGUARDED_AVAILABILITY = YES_AGGRESSIVE;
				CLANG_WARN_UNREACHABLE_CODE = YES;
				CLANG_WARN__DUPLICATE_METHOD_MATCH = YES;
				COPY_PHASE_STRIP = NO;
				DEBUG_INFORMATION_FORMAT = "dwarf-with-dsym";
				ENABLE_NS_ASSERTIONS = NO;
				ENABLE_STRICT_OBJC_MSGSEND = YES;
				GCC_C_LANGUAGE_STANDARD = gnu11;
				GCC_NO_COMMON_BLOCKS = YES;
				GCC_WARN_64_TO_32_BIT_CONVERSION = YES;
				GCC_WARN_ABOUT_RETURN_TYPE = YES_ERROR;
				GCC_WARN_UNDECLARED_SELECTOR = YES;
				GCC_WARN_UNINITIALIZED_AUTOS = YES_AGGRESSIVE;
				GCC_WARN_UNUSED_FUNCTION = YES;
				GCC_WARN_UNUSED_VARIABLE = YES;
				IPHONEOS_DEPLOYMENT_TARGET = 16.4;
				MTL_ENABLE_DEBUG_INFO = NO;
				MTL_FAST_MATH = YES;
				SDKROOT = iphoneos;
				SWIFT_COMPILATION_MODE = wholemodule;
				SWIFT_OPTIMIZATION_LEVEL = "-O";
				VALIDATE_PRODUCT = YES;
			};
			name = Release;
		};
		CEB00FD22AC030C0001E7BB0 /* Debug */ = {
			isa = XCBuildConfiguration;
			baseConfigurationReference = 27EC23796111CB4C7B43E763 /* Pods-DailyPin.debug.xcconfig */;
			buildSettings = {
				ASSETCATALOG_COMPILER_APPICON_NAME = AppIcon;
				ASSETCATALOG_COMPILER_GLOBAL_ACCENT_COLOR_NAME = AccentColor;
				CODE_SIGN_STYLE = Automatic;
				CURRENT_PROJECT_VERSION = 1;
				DEVELOPMENT_TEAM = DJP8DYB9HG;
				GENERATE_INFOPLIST_FILE = YES;
				INFOPLIST_FILE = DailyPin/Info.plist;
				INFOPLIST_KEY_UIApplicationSupportsIndirectInputEvents = YES;
				INFOPLIST_KEY_UILaunchStoryboardName = LaunchScreen;
				INFOPLIST_KEY_UIMainStoryboardFile = Main;
				INFOPLIST_KEY_UISupportedInterfaceOrientations = UIInterfaceOrientationPortrait;
				INFOPLIST_KEY_UISupportedInterfaceOrientations_iPad = "UIInterfaceOrientationLandscapeLeft UIInterfaceOrientationLandscapeRight UIInterfaceOrientationPortrait UIInterfaceOrientationPortraitUpsideDown";
				IPHONEOS_DEPLOYMENT_TARGET = 15.0;
				LD_RUNPATH_SEARCH_PATHS = (
					"$(inherited)",
					"@executable_path/Frameworks",
				);
				MARKETING_VERSION = 1.0;
				PRODUCT_BUNDLE_IDENTIFIER = com.jiyeon.DailyPin;
				PRODUCT_NAME = "$(TARGET_NAME)";
				SUPPORTED_PLATFORMS = "iphoneos iphonesimulator";
				SUPPORTS_MACCATALYST = NO;
				SUPPORTS_MAC_DESIGNED_FOR_IPHONE_IPAD = NO;
				SWIFT_EMIT_LOC_STRINGS = YES;
				SWIFT_VERSION = 5.0;
				TARGETED_DEVICE_FAMILY = 1;
			};
			name = Debug;
		};
		CEB00FD32AC030C0001E7BB0 /* Release */ = {
			isa = XCBuildConfiguration;
			baseConfigurationReference = 8EEB27B0A9722F91D177EF65 /* Pods-DailyPin.release.xcconfig */;
			buildSettings = {
				ASSETCATALOG_COMPILER_APPICON_NAME = AppIcon;
				ASSETCATALOG_COMPILER_GLOBAL_ACCENT_COLOR_NAME = AccentColor;
				CODE_SIGN_STYLE = Automatic;
				CURRENT_PROJECT_VERSION = 1;
				DEVELOPMENT_TEAM = DJP8DYB9HG;
				GENERATE_INFOPLIST_FILE = YES;
				INFOPLIST_FILE = DailyPin/Info.plist;
				INFOPLIST_KEY_UIApplicationSupportsIndirectInputEvents = YES;
				INFOPLIST_KEY_UILaunchStoryboardName = LaunchScreen;
				INFOPLIST_KEY_UIMainStoryboardFile = Main;
				INFOPLIST_KEY_UISupportedInterfaceOrientations = UIInterfaceOrientationPortrait;
				INFOPLIST_KEY_UISupportedInterfaceOrientations_iPad = "UIInterfaceOrientationLandscapeLeft UIInterfaceOrientationLandscapeRight UIInterfaceOrientationPortrait UIInterfaceOrientationPortraitUpsideDown";
				IPHONEOS_DEPLOYMENT_TARGET = 15.0;
				LD_RUNPATH_SEARCH_PATHS = (
					"$(inherited)",
					"@executable_path/Frameworks",
				);
				MARKETING_VERSION = 1.0;
				PRODUCT_BUNDLE_IDENTIFIER = com.jiyeon.DailyPin;
				PRODUCT_NAME = "$(TARGET_NAME)";
				SUPPORTED_PLATFORMS = "iphoneos iphonesimulator";
				SUPPORTS_MACCATALYST = NO;
				SUPPORTS_MAC_DESIGNED_FOR_IPHONE_IPAD = NO;
				SWIFT_EMIT_LOC_STRINGS = YES;
				SWIFT_VERSION = 5.0;
				TARGETED_DEVICE_FAMILY = 1;
			};
			name = Release;
		};
/* End XCBuildConfiguration section */

/* Begin XCConfigurationList section */
		CEB00FB82AC030BF001E7BB0 /* Build configuration list for PBXProject "DailyPin" */ = {
			isa = XCConfigurationList;
			buildConfigurations = (
				CEB00FCF2AC030C0001E7BB0 /* Debug */,
				CEB00FD02AC030C0001E7BB0 /* Release */,
			);
			defaultConfigurationIsVisible = 0;
			defaultConfigurationName = Release;
		};
		CEB00FD12AC030C0001E7BB0 /* Build configuration list for PBXNativeTarget "DailyPin" */ = {
			isa = XCConfigurationList;
			buildConfigurations = (
				CEB00FD22AC030C0001E7BB0 /* Debug */,
				CEB00FD32AC030C0001E7BB0 /* Release */,
			);
			defaultConfigurationIsVisible = 0;
			defaultConfigurationName = Release;
		};
/* End XCConfigurationList section */
	};
	rootObject = CEB00FB52AC030BF001E7BB0 /* Project object */;
}
